{
  "name": "@shexjs/util",
  "version": "1.0.0-alpha.15",
  "lockfileVersion": 2,
  "requires": true,
  "packages": {
    "": {
      "name": "@shexjs/util",
      "version": "1.0.0-alpha.15",
      "license": "MIT",
      "dependencies": {
        "@shexjs/term": "^1.0.0-alpha.15",
        "@shexjs/visitor": "^1.0.0-alpha.15",
        "@shexjs/writer": "^1.0.0-alpha.15",
        "hierarchy-closure": "^1.2.1"
      },
      "devDependencies": {
        "@types/shexj": "^2.1.1"
      },
      "engines": {
        "node": ">=0.10.0"
      }
    },
    "../shex-term": {
      "name": "@shexjs/term",
      "version": "1.0.0-alpha.15",
      "license": "MIT",
      "engines": {
        "node": ">=0.10.0"
      }
    },
    "../shex-visitor": {
      "name": "@shexjs/visitor",
      "version": "1.0.0-alpha.15",
      "license": "MIT",
      "engines": {
        "node": ">=0.10.0"
      }
    },
    "../shex-writer": {
      "name": "@shexjs/writer",
      "version": "1.0.0-alpha.15",
      "license": "MIT",
      "dependencies": {
        "relateurl": "^0.2.7"
      },
      "engines": {
        "node": ">=0.10.0"
      }
    },
    "node_modules/@shexjs/term": {
      "resolved": "../shex-term",
      "link": true
    },
    "node_modules/@shexjs/visitor": {
      "resolved": "../shex-visitor",
      "link": true
    },
    "node_modules/@shexjs/writer": {
      "resolved": "../shex-writer",
      "link": true
    },
    "node_modules/@types/shexj": {
      "version": "2.1.1",
      "resolved": "https://registry.npmjs.org/@types/shexj/-/shexj-2.1.1.tgz",
      "integrity": "sha512-UpzXaBgVCRh/OJcpQoeqnjJNW92aC3J6N7cuvpxgqGA6Bezmna8z0Yi4BH9lrnEG3NmSRUW3qUCJnEmhkwVH4w==",
      "dev": true
    },
    "node_modules/hierarchy-closure": {
      "version": "1.2.1",
      "resolved": "https://registry.npmjs.org/hierarchy-closure/-/hierarchy-closure-1.2.1.tgz",
      "integrity": "sha512-3Lm4gqKditachEhU94qyd5YtyfVOcKAs3WZVAd62DxQGLaA1ZU4mGPg7bOvgm9JTzWbcXoipTikYRvrflY7Orw=="
    }
  },
  "dependencies": {
    "@shexjs/term": {
      "version": "file:../shex-term"
    },
    "@shexjs/visitor": {
      "version": "file:../shex-visitor"
    },
    "@shexjs/writer": {
      "version": "file:../shex-writer",
      "requires": {
        "relateurl": "^0.2.7"
      }
    },
    "@types/shexj": {
      "version": "2.1.1",
      "resolved": "https://registry.npmjs.org/@types/shexj/-/shexj-2.1.1.tgz",
      "integrity": "sha512-UpzXaBgVCRh/OJcpQoeqnjJNW92aC3J6N7cuvpxgqGA6Bezmna8z0Yi4BH9lrnEG3NmSRUW3qUCJnEmhkwVH4w==",
      "dev": true
    },
    "hierarchy-closure": {
      "version": "1.2.1",
      "resolved": "https://registry.npmjs.org/hierarchy-closure/-/hierarchy-closure-1.2.1.tgz",
      "integrity": "sha512-3Lm4gqKditachEhU94qyd5YtyfVOcKAs3WZVAd62DxQGLaA1ZU4mGPg7bOvgm9JTzWbcXoipTikYRvrflY7Orw=="
    }
  }
}
